
Microsoft Visual Studio Solution File, Format Version 12.00
# Visual Studio 2013
VisualStudioVersion = 12.0.31101.0
MinimumVisualStudioVersion = 10.0.40219.1
Project("{FAE04EC0-301F-11D3-BF4B-00C04F79EFBC}") = "PostalCodes.iOS", "PostalCodes.iOS\PostalCodes.iOS.csproj", "{807FB4F8-75F4-4890-B06B-1E1327B67053}"
EndProject
Project("{2150E333-8FDC-42A3-9474-1A3956D46DE8}") = ".nuget", ".nuget", "{8B16DC65-D562-43F2-B56F-6D13E3930B03}"
	ProjectSection(SolutionItems) = preProject
		.nuget\NuGet.Config = .nuget\NuGet.Config
		.nuget\NuGet.exe = .nuget\NuGet.exe
		.nuget\NuGet.targets = .nuget\NuGet.targets
	EndProjectSection
EndProject
Project("{FAE04EC0-301F-11D3-BF4B-00C04F79EFBC}") = "PostalCodes.WinPhone", "PostalCodes.WinPhone\PostalCodes.WinPhone.csproj", "{625D4641-1688-46B1-A62F-AA53B359D3F7}"
EndProject
Project("{FAE04EC0-301F-11D3-BF4B-00C04F79EFBC}") = "PostalCodes.Droid", "PostalCodes.Droid\PostalCodes.Droid.csproj", "{A3971A89-82AE-487E-8572-5C9A98BAE0B6}"
EndProject
Project("{FAE04EC0-301F-11D3-BF4B-00C04F79EFBC}") = "PostalCodes.PCL", "PostalCodes.PCL\PostalCodes.PCL.csproj", "{728FF67E-8961-4454-97B1-B61E7ED9CFEA}"
EndProject
Project("{FAE04EC0-301F-11D3-BF4B-00C04F79EFBC}") = "PostalCodes.Test", "PostalCodes.Test\PostalCodes.Test.csproj", "{8AFF9D49-36DF-445F-A686-E5C4AEE0CCE6}"
EndProject
Global
	GlobalSection(SolutionConfigurationPlatforms) = preSolution
		Ad-Hoc|Any CPU = Ad-Hoc|Any CPU
		Ad-Hoc|ARM = Ad-Hoc|ARM
		Ad-Hoc|iPhone = Ad-Hoc|iPhone
		Ad-Hoc|iPhoneSimulator = Ad-Hoc|iPhoneSimulator
		Ad-Hoc|Mixed Platforms = Ad-Hoc|Mixed Platforms
		Ad-Hoc|x86 = Ad-Hoc|x86
		AppStore|Any CPU = AppStore|Any CPU
		AppStore|ARM = AppStore|ARM
		AppStore|iPhone = AppStore|iPhone
		AppStore|iPhoneSimulator = AppStore|iPhoneSimulator
		AppStore|Mixed Platforms = AppStore|Mixed Platforms
		AppStore|x86 = AppStore|x86
		Debug|Any CPU = Debug|Any CPU
		Debug|ARM = Debug|ARM
		Debug|iPhone = Debug|iPhone
		Debug|iPhoneSimulator = Debug|iPhoneSimulator
		Debug|Mixed Platforms = Debug|Mixed Platforms
		Debug|x86 = Debug|x86
		Release|Any CPU = Release|Any CPU
		Release|ARM = Release|ARM
		Release|iPhone = Release|iPhone
		Release|iPhoneSimulator = Release|iPhoneSimulator
		Release|Mixed Platforms = Release|Mixed Platforms
		Release|x86 = Release|x86
	EndGlobalSection
	GlobalSection(ProjectConfigurationPlatforms) = postSolution
		{807FB4F8-75F4-4890-B06B-1E1327B67053}.Ad-Hoc|Any CPU.ActiveCfg = Ad-Hoc|iPhone
		{807FB4F8-75F4-4890-B06B-1E1327B67053}.Ad-Hoc|ARM.ActiveCfg = Ad-Hoc|iPhoneSimulator
		{807FB4F8-75F4-4890-B06B-1E1327B67053}.Ad-Hoc|iPhone.ActiveCfg = Ad-Hoc|iPhone
		{807FB4F8-75F4-4890-B06B-1E1327B67053}.Ad-Hoc|iPhone.Build.0 = Ad-Hoc|iPhone
		{807FB4F8-75F4-4890-B06B-1E1327B67053}.Ad-Hoc|iPhoneSimulator.ActiveCfg = Ad-Hoc|iPhoneSimulator
		{807FB4F8-75F4-4890-B06B-1E1327B67053}.Ad-Hoc|iPhoneSimulator.Build.0 = Ad-Hoc|iPhoneSimulator
		{807FB4F8-75F4-4890-B06B-1E1327B67053}.Ad-Hoc|Mixed Platforms.ActiveCfg = Ad-Hoc|iPhone
		{807FB4F8-75F4-4890-B06B-1E1327B67053}.Ad-Hoc|Mixed Platforms.Build.0 = Ad-Hoc|iPhone
		{807FB4F8-75F4-4890-B06B-1E1327B67053}.Ad-Hoc|x86.ActiveCfg = Ad-Hoc|iPhoneSimulator
		{807FB4F8-75F4-4890-B06B-1E1327B67053}.AppStore|Any CPU.ActiveCfg = AppStore|iPhone
		{807FB4F8-75F4-4890-B06B-1E1327B67053}.AppStore|ARM.ActiveCfg = AppStore|iPhoneSimulator
		{807FB4F8-75F4-4890-B06B-1E1327B67053}.AppStore|iPhone.ActiveCfg = AppStore|iPhone
		{807FB4F8-75F4-4890-B06B-1E1327B67053}.AppStore|iPhone.Build.0 = AppStore|iPhone
		{807FB4F8-75F4-4890-B06B-1E1327B67053}.AppStore|iPhoneSimulator.ActiveCfg = AppStore|iPhoneSimulator
		{807FB4F8-75F4-4890-B06B-1E1327B67053}.AppStore|iPhoneSimulator.Build.0 = AppStore|iPhoneSimulator
		{807FB4F8-75F4-4890-B06B-1E1327B67053}.AppStore|Mixed Platforms.ActiveCfg = AppStore|iPhone
		{807FB4F8-75F4-4890-B06B-1E1327B67053}.AppStore|Mixed Platforms.Build.0 = AppStore|iPhone
		{807FB4F8-75F4-4890-B06B-1E1327B67053}.AppStore|x86.ActiveCfg = AppStore|iPhoneSimulator
		{807FB4F8-75F4-4890-B06B-1E1327B67053}.Debug|Any CPU.ActiveCfg = Debug|iPhone
		{807FB4F8-75F4-4890-B06B-1E1327B67053}.Debug|ARM.ActiveCfg = Debug|iPhoneSimulator
		{807FB4F8-75F4-4890-B06B-1E1327B67053}.Debug|iPhone.ActiveCfg = Debug|iPhoneSimulator
		{807FB4F8-75F4-4890-B06B-1E1327B67053}.Debug|iPhone.Build.0 = Debug|iPhoneSimulator
		{807FB4F8-75F4-4890-B06B-1E1327B67053}.Debug|iPhoneSimulator.ActiveCfg = Debug|iPhoneSimulator
		{807FB4F8-75F4-4890-B06B-1E1327B67053}.Debug|iPhoneSimulator.Build.0 = Debug|iPhoneSimulator
		{807FB4F8-75F4-4890-B06B-1E1327B67053}.Debug|Mixed Platforms.ActiveCfg = Debug|iPhone
		{807FB4F8-75F4-4890-B06B-1E1327B67053}.Debug|Mixed Platforms.Build.0 = Debug|iPhone
		{807FB4F8-75F4-4890-B06B-1E1327B67053}.Debug|x86.ActiveCfg = Debug|iPhoneSimulator
		{807FB4F8-75F4-4890-B06B-1E1327B67053}.Release|Any CPU.ActiveCfg = Release|iPhone
		{807FB4F8-75F4-4890-B06B-1E1327B67053}.Release|ARM.ActiveCfg = Release|iPhoneSimulator
		{807FB4F8-75F4-4890-B06B-1E1327B67053}.Release|iPhone.ActiveCfg = Release|iPhone
		{807FB4F8-75F4-4890-B06B-1E1327B67053}.Release|iPhone.Build.0 = Release|iPhone
		{807FB4F8-75F4-4890-B06B-1E1327B67053}.Release|iPhoneSimulator.ActiveCfg = Release|iPhoneSimulator
		{807FB4F8-75F4-4890-B06B-1E1327B67053}.Release|iPhoneSimulator.Build.0 = Release|iPhoneSimulator
		{807FB4F8-75F4-4890-B06B-1E1327B67053}.Release|Mixed Platforms.ActiveCfg = Release|iPhone
		{807FB4F8-75F4-4890-B06B-1E1327B67053}.Release|Mixed Platforms.Build.0 = Release|iPhone
		{807FB4F8-75F4-4890-B06B-1E1327B67053}.Release|x86.ActiveCfg = Release|iPhoneSimulator
		{625D4641-1688-46B1-A62F-AA53B359D3F7}.Ad-Hoc|Any CPU.ActiveCfg = Release|Any CPU
		{625D4641-1688-46B1-A62F-AA53B359D3F7}.Ad-Hoc|Any CPU.Build.0 = Release|Any CPU
		{625D4641-1688-46B1-A62F-AA53B359D3F7}.Ad-Hoc|Any CPU.Deploy.0 = Release|Any CPU
		{625D4641-1688-46B1-A62F-AA53B359D3F7}.Ad-Hoc|ARM.ActiveCfg = Release|ARM
		{625D4641-1688-46B1-A62F-AA53B359D3F7}.Ad-Hoc|ARM.Build.0 = Release|ARM
		{625D4641-1688-46B1-A62F-AA53B359D3F7}.Ad-Hoc|ARM.Deploy.0 = Release|ARM
		{625D4641-1688-46B1-A62F-AA53B359D3F7}.Ad-Hoc|iPhone.ActiveCfg = Release|Any CPU
		{625D4641-1688-46B1-A62F-AA53B359D3F7}.Ad-Hoc|iPhoneSimulator.ActiveCfg = Release|Any CPU
		{625D4641-1688-46B1-A62F-AA53B359D3F7}.Ad-Hoc|Mixed Platforms.ActiveCfg = Release|x86
		{625D4641-1688-46B1-A62F-AA53B359D3F7}.Ad-Hoc|Mixed Platforms.Build.0 = Release|x86
		{625D4641-1688-46B1-A62F-AA53B359D3F7}.Ad-Hoc|Mixed Platforms.Deploy.0 = Release|x86
		{625D4641-1688-46B1-A62F-AA53B359D3F7}.Ad-Hoc|x86.ActiveCfg = Release|x86
		{625D4641-1688-46B1-A62F-AA53B359D3F7}.Ad-Hoc|x86.Build.0 = Release|x86
		{625D4641-1688-46B1-A62F-AA53B359D3F7}.Ad-Hoc|x86.Deploy.0 = Release|x86
		{625D4641-1688-46B1-A62F-AA53B359D3F7}.AppStore|Any CPU.ActiveCfg = Release|Any CPU
		{625D4641-1688-46B1-A62F-AA53B359D3F7}.AppStore|Any CPU.Build.0 = Release|Any CPU
		{625D4641-1688-46B1-A62F-AA53B359D3F7}.AppStore|Any CPU.Deploy.0 = Release|Any CPU
		{625D4641-1688-46B1-A62F-AA53B359D3F7}.AppStore|ARM.ActiveCfg = Release|ARM
		{625D4641-1688-46B1-A62F-AA53B359D3F7}.AppStore|ARM.Build.0 = Release|ARM
		{625D4641-1688-46B1-A62F-AA53B359D3F7}.AppStore|ARM.Deploy.0 = Release|ARM
		{625D4641-1688-46B1-A62F-AA53B359D3F7}.AppStore|iPhone.ActiveCfg = Release|Any CPU
		{625D4641-1688-46B1-A62F-AA53B359D3F7}.AppStore|iPhoneSimulator.ActiveCfg = Release|Any CPU
		{625D4641-1688-46B1-A62F-AA53B359D3F7}.AppStore|Mixed Platforms.ActiveCfg = Release|x86
		{625D4641-1688-46B1-A62F-AA53B359D3F7}.AppStore|Mixed Platforms.Build.0 = Release|x86
		{625D4641-1688-46B1-A62F-AA53B359D3F7}.AppStore|Mixed Platforms.Deploy.0 = Release|x86
		{625D4641-1688-46B1-A62F-AA53B359D3F7}.AppStore|x86.ActiveCfg = Release|x86
		{625D4641-1688-46B1-A62F-AA53B359D3F7}.AppStore|x86.Build.0 = Release|x86
		{625D4641-1688-46B1-A62F-AA53B359D3F7}.AppStore|x86.Deploy.0 = Release|x86
		{625D4641-1688-46B1-A62F-AA53B359D3F7}.Debug|Any CPU.ActiveCfg = Debug|Any CPU
		{625D4641-1688-46B1-A62F-AA53B359D3F7}.Debug|Any CPU.Build.0 = Debug|Any CPU
		{625D4641-1688-46B1-A62F-AA53B359D3F7}.Debug|Any CPU.Deploy.0 = Debug|Any CPU
		{625D4641-1688-46B1-A62F-AA53B359D3F7}.Debug|ARM.ActiveCfg = Debug|ARM
		{625D4641-1688-46B1-A62F-AA53B359D3F7}.Debug|ARM.Build.0 = Debug|ARM
		{625D4641-1688-46B1-A62F-AA53B359D3F7}.Debug|ARM.Deploy.0 = Debug|ARM
		{625D4641-1688-46B1-A62F-AA53B359D3F7}.Debug|iPhone.ActiveCfg = Debug|Any CPU
		{625D4641-1688-46B1-A62F-AA53B359D3F7}.Debug|iPhone.Build.0 = Debug|Any CPU
		{625D4641-1688-46B1-A62F-AA53B359D3F7}.Debug|iPhoneSimulator.ActiveCfg = Debug|Any CPU
		{625D4641-1688-46B1-A62F-AA53B359D3F7}.Debug|iPhoneSimulator.Deploy.0 = Debug|Any CPU
		{625D4641-1688-46B1-A62F-AA53B359D3F7}.Debug|Mixed Platforms.ActiveCfg = Debug|x86
		{625D4641-1688-46B1-A62F-AA53B359D3F7}.Debug|Mixed Platforms.Build.0 = Debug|x86
		{625D4641-1688-46B1-A62F-AA53B359D3F7}.Debug|Mixed Platforms.Deploy.0 = Debug|x86
		{625D4641-1688-46B1-A62F-AA53B359D3F7}.Debug|x86.ActiveCfg = Debug|x86
		{625D4641-1688-46B1-A62F-AA53B359D3F7}.Debug|x86.Build.0 = Debug|x86
		{625D4641-1688-46B1-A62F-AA53B359D3F7}.Debug|x86.Deploy.0 = Debug|x86
		{625D4641-1688-46B1-A62F-AA53B359D3F7}.Release|Any CPU.ActiveCfg = Release|Any CPU
		{625D4641-1688-46B1-A62F-AA53B359D3F7}.Release|Any CPU.Build.0 = Release|Any CPU
		{625D4641-1688-46B1-A62F-AA53B359D3F7}.Release|Any CPU.Deploy.0 = Release|Any CPU
		{625D4641-1688-46B1-A62F-AA53B359D3F7}.Release|ARM.ActiveCfg = Release|ARM
		{625D4641-1688-46B1-A62F-AA53B359D3F7}.Release|ARM.Build.0 = Release|ARM
		{625D4641-1688-46B1-A62F-AA53B359D3F7}.Release|ARM.Deploy.0 = Release|ARM
		{625D4641-1688-46B1-A62F-AA53B359D3F7}.Release|iPhone.ActiveCfg = Release|Any CPU
		{625D4641-1688-46B1-A62F-AA53B359D3F7}.Release|iPhoneSimulator.ActiveCfg = Release|Any CPU
		{625D4641-1688-46B1-A62F-AA53B359D3F7}.Release|Mixed Platforms.ActiveCfg = Release|x86
		{625D4641-1688-46B1-A62F-AA53B359D3F7}.Release|Mixed Platforms.Build.0 = Release|x86
		{625D4641-1688-46B1-A62F-AA53B359D3F7}.Release|Mixed Platforms.Deploy.0 = Release|x86
		{625D4641-1688-46B1-A62F-AA53B359D3F7}.Release|x86.ActiveCfg = Release|x86
		{625D4641-1688-46B1-A62F-AA53B359D3F7}.Release|x86.Build.0 = Release|x86
		{625D4641-1688-46B1-A62F-AA53B359D3F7}.Release|x86.Deploy.0 = Release|x86
		{A3971A89-82AE-487E-8572-5C9A98BAE0B6}.Ad-Hoc|Any CPU.ActiveCfg = Release|Any CPU
		{A3971A89-82AE-487E-8572-5C9A98BAE0B6}.Ad-Hoc|Any CPU.Build.0 = Release|Any CPU
		{A3971A89-82AE-487E-8572-5C9A98BAE0B6}.Ad-Hoc|Any CPU.Deploy.0 = Release|Any CPU
		{A3971A89-82AE-487E-8572-5C9A98BAE0B6}.Ad-Hoc|ARM.ActiveCfg = Release|Any CPU
		{A3971A89-82AE-487E-8572-5C9A98BAE0B6}.Ad-Hoc|iPhone.ActiveCfg = Release|Any CPU
		{A3971A89-82AE-487E-8572-5C9A98BAE0B6}.Ad-Hoc|iPhoneSimulator.ActiveCfg = Release|Any CPU
		{A3971A89-82AE-487E-8572-5C9A98BAE0B6}.Ad-Hoc|Mixed Platforms.ActiveCfg = Release|Any CPU
		{A3971A89-82AE-487E-8572-5C9A98BAE0B6}.Ad-Hoc|Mixed Platforms.Build.0 = Release|Any CPU
		{A3971A89-82AE-487E-8572-5C9A98BAE0B6}.Ad-Hoc|Mixed Platforms.Deploy.0 = Release|Any CPU
		{A3971A89-82AE-487E-8572-5C9A98BAE0B6}.Ad-Hoc|x86.ActiveCfg = Release|Any CPU
		{A3971A89-82AE-487E-8572-5C9A98BAE0B6}.AppStore|Any CPU.ActiveCfg = Release|Any CPU
		{A3971A89-82AE-487E-8572-5C9A98BAE0B6}.AppStore|Any CPU.Build.0 = Release|Any CPU
		{A3971A89-82AE-487E-8572-5C9A98BAE0B6}.AppStore|Any CPU.Deploy.0 = Release|Any CPU
		{A3971A89-82AE-487E-8572-5C9A98BAE0B6}.AppStore|ARM.ActiveCfg = Release|Any CPU
		{A3971A89-82AE-487E-8572-5C9A98BAE0B6}.AppStore|iPhone.ActiveCfg = Release|Any CPU
		{A3971A89-82AE-487E-8572-5C9A98BAE0B6}.AppStore|iPhoneSimulator.ActiveCfg = Release|Any CPU
		{A3971A89-82AE-487E-8572-5C9A98BAE0B6}.AppStore|Mixed Platforms.ActiveCfg = Release|Any CPU
		{A3971A89-82AE-487E-8572-5C9A98BAE0B6}.AppStore|Mixed Platforms.Build.0 = Release|Any CPU
		{A3971A89-82AE-487E-8572-5C9A98BAE0B6}.AppStore|Mixed Platforms.Deploy.0 = Release|Any CPU
		{A3971A89-82AE-487E-8572-5C9A98BAE0B6}.AppStore|x86.ActiveCfg = Release|Any CPU
		{A3971A89-82AE-487E-8572-5C9A98BAE0B6}.Debug|Any CPU.ActiveCfg = Debug|Any CPU
		{A3971A89-82AE-487E-8572-5C9A98BAE0B6}.Debug|Any CPU.Build.0 = Debug|Any CPU
		{A3971A89-82AE-487E-8572-5C9A98BAE0B6}.Debug|Any CPU.Deploy.0 = Debug|Any CPU
		{A3971A89-82AE-487E-8572-5C9A98BAE0B6}.Debug|ARM.ActiveCfg = Debug|Any CPU
		{A3971A89-82AE-487E-8572-5C9A98BAE0B6}.Debug|iPhone.ActiveCfg = Debug|Any CPU
		{A3971A89-82AE-487E-8572-5C9A98BAE0B6}.Debug|iPhone.Build.0 = Debug|Any CPU
		{A3971A89-82AE-487E-8572-5C9A98BAE0B6}.Debug|iPhoneSimulator.ActiveCfg = Debug|Any CPU
		{A3971A89-82AE-487E-8572-5C9A98BAE0B6}.Debug|Mixed Platforms.ActiveCfg = Debug|Any CPU
		{A3971A89-82AE-487E-8572-5C9A98BAE0B6}.Debug|Mixed Platforms.Build.0 = Debug|Any CPU
		{A3971A89-82AE-487E-8572-5C9A98BAE0B6}.Debug|Mixed Platforms.Deploy.0 = Debug|Any CPU
		{A3971A89-82AE-487E-8572-5C9A98BAE0B6}.Debug|x86.ActiveCfg = Debug|Any CPU
		{A3971A89-82AE-487E-8572-5C9A98BAE0B6}.Release|Any CPU.ActiveCfg = Release|Any CPU
		{A3971A89-82AE-487E-8572-5C9A98BAE0B6}.Release|Any CPU.Build.0 = Release|Any CPU
		{A3971A89-82AE-487E-8572-5C9A98BAE0B6}.Release|Any CPU.Deploy.0 = Release|Any CPU
		{A3971A89-82AE-487E-8572-5C9A98BAE0B6}.Release|ARM.ActiveCfg = Release|Any CPU
		{A3971A89-82AE-487E-8572-5C9A98BAE0B6}.Release|iPhone.ActiveCfg = Release|Any CPU
		{A3971A89-82AE-487E-8572-5C9A98BAE0B6}.Release|iPhoneSimulator.ActiveCfg = Release|Any CPU
		{A3971A89-82AE-487E-8572-5C9A98BAE0B6}.Release|Mixed Platforms.ActiveCfg = Release|Any CPU
		{A3971A89-82AE-487E-8572-5C9A98BAE0B6}.Release|Mixed Platforms.Build.0 = Release|Any CPU
		{A3971A89-82AE-487E-8572-5C9A98BAE0B6}.Release|Mixed Platforms.Deploy.0 = Release|Any CPU
		{A3971A89-82AE-487E-8572-5C9A98BAE0B6}.Release|x86.ActiveCfg = Release|Any CPU
		{728FF67E-8961-4454-97B1-B61E7ED9CFEA}.Ad-Hoc|Any CPU.ActiveCfg = Release|Any CPU
		{728FF67E-8961-4454-97B1-B61E7ED9CFEA}.Ad-Hoc|Any CPU.Build.0 = Release|Any CPU
		{728FF67E-8961-4454-97B1-B61E7ED9CFEA}.Ad-Hoc|ARM.ActiveCfg = Release|Any CPU
		{728FF67E-8961-4454-97B1-B61E7ED9CFEA}.Ad-Hoc|iPhone.ActiveCfg = Release|Any CPU
		{728FF67E-8961-4454-97B1-B61E7ED9CFEA}.Ad-Hoc|iPhoneSimulator.ActiveCfg = Release|Any CPU
		{728FF67E-8961-4454-97B1-B61E7ED9CFEA}.Ad-Hoc|Mixed Platforms.ActiveCfg = Release|Any CPU
		{728FF67E-8961-4454-97B1-B61E7ED9CFEA}.Ad-Hoc|Mixed Platforms.Build.0 = Release|Any CPU
		{728FF67E-8961-4454-97B1-B61E7ED9CFEA}.Ad-Hoc|x86.ActiveCfg = Release|Any CPU
		{728FF67E-8961-4454-97B1-B61E7ED9CFEA}.AppStore|Any CPU.ActiveCfg = Release|Any CPU
		{728FF67E-8961-4454-97B1-B61E7ED9CFEA}.AppStore|Any CPU.Build.0 = Release|Any CPU
		{728FF67E-8961-4454-97B1-B61E7ED9CFEA}.AppStore|ARM.ActiveCfg = Release|Any CPU
		{728FF67E-8961-4454-97B1-B61E7ED9CFEA}.AppStore|iPhone.ActiveCfg = Release|Any CPU
		{728FF67E-8961-4454-97B1-B61E7ED9CFEA}.AppStore|iPhoneSimulator.ActiveCfg = Release|Any CPU
		{728FF67E-8961-4454-97B1-B61E7ED9CFEA}.AppStore|Mixed Platforms.ActiveCfg = Release|Any CPU
		{728FF67E-8961-4454-97B1-B61E7ED9CFEA}.AppStore|Mixed Platforms.Build.0 = Release|Any CPU
		{728FF67E-8961-4454-97B1-B61E7ED9CFEA}.AppStore|x86.ActiveCfg = Release|Any CPU
		{728FF67E-8961-4454-97B1-B61E7ED9CFEA}.Debug|Any CPU.ActiveCfg = Debug|Any CPU
		{728FF67E-8961-4454-97B1-B61E7ED9CFEA}.Debug|Any CPU.Build.0 = Debug|Any CPU
		{728FF67E-8961-4454-97B1-B61E7ED9CFEA}.Debug|ARM.ActiveCfg = Debug|Any CPU
		{728FF67E-8961-4454-97B1-B61E7ED9CFEA}.Debug|iPhone.ActiveCfg = Debug|Any CPU
		{728FF67E-8961-4454-97B1-B61E7ED9CFEA}.Debug|iPhone.Build.0 = Debug|Any CPU
		{728FF67E-8961-4454-97B1-B61E7ED9CFEA}.Debug|iPhoneSimulator.ActiveCfg = Debug|Any CPU
		{728FF67E-8961-4454-97B1-B61E7ED9CFEA}.Debug|iPhoneSimulator.Build.0 = Debug|Any CPU
		{728FF67E-8961-4454-97B1-B61E7ED9CFEA}.Debug|Mixed Platforms.ActiveCfg = Debug|Any CPU
		{728FF67E-8961-4454-97B1-B61E7ED9CFEA}.Debug|Mixed Platforms.Build.0 = Debug|Any CPU
		{728FF67E-8961-4454-97B1-B61E7ED9CFEA}.Debug|x86.ActiveCfg = Debug|Any CPU
		{728FF67E-8961-4454-97B1-B61E7ED9CFEA}.Release|Any CPU.ActiveCfg = Release|Any CPU
		{728FF67E-8961-4454-97B1-B61E7ED9CFEA}.Release|Any CPU.Build.0 = Release|Any CPU
		{728FF67E-8961-4454-97B1-B61E7ED9CFEA}.Release|ARM.ActiveCfg = Release|Any CPU
		{728FF67E-8961-4454-97B1-B61E7ED9CFEA}.Release|iPhone.ActiveCfg = Release|Any CPU
		{728FF67E-8961-4454-97B1-B61E7ED9CFEA}.Release|iPhoneSimulator.ActiveCfg = Release|Any CPU
		{728FF67E-8961-4454-97B1-B61E7ED9CFEA}.Release|Mixed Platforms.ActiveCfg = Release|Any CPU
		{728FF67E-8961-4454-97B1-B61E7ED9CFEA}.Release|Mixed Platforms.Build.0 = Release|Any CPU
		{728FF67E-8961-4454-97B1-B61E7ED9CFEA}.Release|x86.ActiveCfg = Release|Any CPU
		{8AFF9D49-36DF-445F-A686-E5C4AEE0CCE6}.Ad-Hoc|Any CPU.ActiveCfg = Release|Any CPU
		{8AFF9D49-36DF-445F-A686-E5C4AEE0CCE6}.Ad-Hoc|Any CPU.Build.0 = Release|Any CPU
		{8AFF9D49-36DF-445F-A686-E5C4AEE0CCE6}.Ad-Hoc|ARM.ActiveCfg = Release|Any CPU
		{8AFF9D49-36DF-445F-A686-E5C4AEE0CCE6}.Ad-Hoc|iPhone.ActiveCfg = Release|Any CPU
		{8AFF9D49-36DF-445F-A686-E5C4AEE0CCE6}.Ad-Hoc|iPhoneSimulator.ActiveCfg = Release|Any CPU
		{8AFF9D49-36DF-445F-A686-E5C4AEE0CCE6}.Ad-Hoc|Mixed Platforms.ActiveCfg = Release|Any CPU
		{8AFF9D49-36DF-445F-A686-E5C4AEE0CCE6}.Ad-Hoc|Mixed Platforms.Build.0 = Release|Any CPU
		{8AFF9D49-36DF-445F-A686-E5C4AEE0CCE6}.Ad-Hoc|x86.ActiveCfg = Release|Any CPU
		{8AFF9D49-36DF-445F-A686-E5C4AEE0CCE6}.AppStore|Any CPU.ActiveCfg = Release|Any CPU
		{8AFF9D49-36DF-445F-A686-E5C4AEE0CCE6}.AppStore|Any CPU.Build.0 = Release|Any CPU
		{8AFF9D49-36DF-445F-A686-E5C4AEE0CCE6}.AppStore|ARM.ActiveCfg = Release|Any CPU
		{8AFF9D49-36DF-445F-A686-E5C4AEE0CCE6}.AppStore|iPhone.ActiveCfg = Release|Any CPU
		{8AFF9D49-36DF-445F-A686-E5C4AEE0CCE6}.AppStore|iPhoneSimulator.ActiveCfg = Release|Any CPU
		{8AFF9D49-36DF-445F-A686-E5C4AEE0CCE6}.AppStore|Mixed Platforms.ActiveCfg = Release|Any CPU
		{8AFF9D49-36DF-445F-A686-E5C4AEE0CCE6}.AppStore|Mixed Platforms.Build.0 = Release|Any CPU
		{8AFF9D49-36DF-445F-A686-E5C4AEE0CCE6}.AppStore|x86.ActiveCfg = Release|Any CPU
		{8AFF9D49-36DF-445F-A686-E5C4AEE0CCE6}.Debug|Any CPU.ActiveCfg = Debug|Any CPU
		{8AFF9D49-36DF-445F-A686-E5C4AEE0CCE6}.Debug|Any CPU.Build.0 = Debug|Any CPU
		{8AFF9D49-36DF-445F-A686-E5C4AEE0CCE6}.Debug|ARM.ActiveCfg = Debug|Any CPU
		{8AFF9D49-36DF-445F-A686-E5C4AEE0CCE6}.Debug|iPhone.ActiveCfg = Debug|Any CPU
		{8AFF9D49-36DF-445F-A686-E5C4AEE0CCE6}.Debug|iPhoneSimulator.ActiveCfg = Debug|Any CPU
		{8AFF9D49-36DF-445F-A686-E5C4AEE0CCE6}.Debug|Mixed Platforms.ActiveCfg = Debug|Any CPU
		{8AFF9D49-36DF-445F-A686-E5C4AEE0CCE6}.Debug|Mixed Platforms.Build.0 = Debug|Any CPU
		{8AFF9D49-36DF-445F-A686-E5C4AEE0CCE6}.Debug|x86.ActiveCfg = Debug|Any CPU
		{8AFF9D49-36DF-445F-A686-E5C4AEE0CCE6}.Release|Any CPU.ActiveCfg = Release|Any CPU
		{8AFF9D49-36DF-445F-A686-E5C4AEE0CCE6}.Release|Any CPU.Build.0 = Release|Any CPU
		{8AFF9D49-36DF-445F-A686-E5C4AEE0CCE6}.Release|ARM.ActiveCfg = Release|Any CPU
		{8AFF9D49-36DF-445F-A686-E5C4AEE0CCE6}.Release|iPhone.ActiveCfg = Release|Any CPU
		{8AFF9D49-36DF-445F-A686-E5C4AEE0CCE6}.Release|iPhoneSimulator.ActiveCfg = Release|Any CPU
		{8AFF9D49-36DF-445F-A686-E5C4AEE0CCE6}.Release|Mixed Platforms.ActiveCfg = Release|Any CPU
		{8AFF9D49-36DF-445F-A686-E5C4AEE0CCE6}.Release|Mixed Platforms.Build.0 = Release|Any CPU
		{8AFF9D49-36DF-445F-A686-E5C4AEE0CCE6}.Release|x86.ActiveCfg = Release|Any CPU
	EndGlobalSection
	GlobalSection(SolutionProperties) = preSolution
		HideSolutionNode = FALSE
	EndGlobalSection
EndGlobal
