Microsoft Visual Studio Solution File, Format Version 12.00
# Visual Studio 2013
VisualStudioVersion = 12.0.31101.0
MinimumVisualStudioVersion = 10.0.40219.1
Project("{FAE04EC0-301F-11D3-BF4B-00C04F79EFBC}") = "XamarinResxDemo.Droid", "XamarinResxDemo\XamarinResxDemo.Droid\XamarinResxDemo.Droid.csproj", "{1EF48935-0BF6-44A3-A5DA-87B3BB9D58CF}"
EndProject
Project("{FAE04EC0-301F-11D3-BF4B-00C04F79EFBC}") = "XamarinResxDemo.PCL", "XamarinResxDemo\XamarinResxDemo.PCL\XamarinResxDemo.PCL.csproj", "{96F1E979-FBEE-4D2C-8211-28B29B808216}"
EndProject
Project("{FAE04EC0-301F-11D3-BF4B-00C04F79EFBC}") = "XamarinResxDemo.WP8", "XamarinResxDemo\XamarinResxDemo.WP8\XamarinResxDemo.WP8.csproj", "{181F2C0F-DC8C-4402-A16B-734EF95B477F}"
EndProject
Project("{FAE04EC0-301F-11D3-BF4B-00C04F79EFBC}") = "XamarinResxDemo.iOS", "XamarinResxDemo\XamarinResxDemo.iOS\XamarinResxDemo.iOS.csproj", "{10A3D3BA-4BD8-4CD0-B285-A337971FB0F9}"
EndProject
Global
	GlobalSection(SolutionConfigurationPlatforms) = preSolution
		Ad-Hoc|Any CPU = Ad-Hoc|Any CPU
		Ad-Hoc|ARM = Ad-Hoc|ARM
		Ad-Hoc|iPhone = Ad-Hoc|iPhone
		Ad-Hoc|iPhoneSimulator = Ad-Hoc|iPhoneSimulator
		Ad-Hoc|Mixed Platforms = Ad-Hoc|Mixed Platforms
		Ad-Hoc|x86 = Ad-Hoc|x86
		AppStore|Any CPU = AppStore|Any CPU
		AppStore|ARM = AppStore|ARM
		AppStore|iPhone = AppStore|iPhone
		AppStore|iPhoneSimulator = AppStore|iPhoneSimulator
		AppStore|Mixed Platforms = AppStore|Mixed Platforms
		AppStore|x86 = AppStore|x86
		Debug|Any CPU = Debug|Any CPU
		Debug|ARM = Debug|ARM
		Debug|iPhone = Debug|iPhone
		Debug|iPhoneSimulator = Debug|iPhoneSimulator
		Debug|Mixed Platforms = Debug|Mixed Platforms
		Debug|x86 = Debug|x86
		Release|Any CPU = Release|Any CPU
		Release|ARM = Release|ARM
		Release|iPhone = Release|iPhone
		Release|iPhoneSimulator = Release|iPhoneSimulator
		Release|Mixed Platforms = Release|Mixed Platforms
		Release|x86 = Release|x86
	EndGlobalSection
	GlobalSection(ProjectConfigurationPlatforms) = postSolution
		{1EF48935-0BF6-44A3-A5DA-87B3BB9D58CF}.Ad-Hoc|Any CPU.ActiveCfg = Release|Any CPU
		{1EF48935-0BF6-44A3-A5DA-87B3BB9D58CF}.Ad-Hoc|Any CPU.Build.0 = Release|Any CPU
		{1EF48935-0BF6-44A3-A5DA-87B3BB9D58CF}.Ad-Hoc|Any CPU.Deploy.0 = Release|Any CPU
		{1EF48935-0BF6-44A3-A5DA-87B3BB9D58CF}.Ad-Hoc|ARM.ActiveCfg = Release|Any CPU
		{1EF48935-0BF6-44A3-A5DA-87B3BB9D58CF}.Ad-Hoc|iPhone.ActiveCfg = Release|Any CPU
		{1EF48935-0BF6-44A3-A5DA-87B3BB9D58CF}.Ad-Hoc|iPhoneSimulator.ActiveCfg = Release|Any CPU
		{1EF48935-0BF6-44A3-A5DA-87B3BB9D58CF}.Ad-Hoc|Mixed Platforms.ActiveCfg = Release|Any CPU
		{1EF48935-0BF6-44A3-A5DA-87B3BB9D58CF}.Ad-Hoc|Mixed Platforms.Build.0 = Release|Any CPU
		{1EF48935-0BF6-44A3-A5DA-87B3BB9D58CF}.Ad-Hoc|Mixed Platforms.Deploy.0 = Release|Any CPU
		{1EF48935-0BF6-44A3-A5DA-87B3BB9D58CF}.Ad-Hoc|x86.ActiveCfg = Release|Any CPU
		{1EF48935-0BF6-44A3-A5DA-87B3BB9D58CF}.AppStore|Any CPU.ActiveCfg = Release|Any CPU
		{1EF48935-0BF6-44A3-A5DA-87B3BB9D58CF}.AppStore|Any CPU.Build.0 = Release|Any CPU
		{1EF48935-0BF6-44A3-A5DA-87B3BB9D58CF}.AppStore|Any CPU.Deploy.0 = Release|Any CPU
		{1EF48935-0BF6-44A3-A5DA-87B3BB9D58CF}.AppStore|ARM.ActiveCfg = Release|Any CPU
		{1EF48935-0BF6-44A3-A5DA-87B3BB9D58CF}.AppStore|iPhone.ActiveCfg = Release|Any CPU
		{1EF48935-0BF6-44A3-A5DA-87B3BB9D58CF}.AppStore|iPhoneSimulator.ActiveCfg = Release|Any CPU
		{1EF48935-0BF6-44A3-A5DA-87B3BB9D58CF}.AppStore|Mixed Platforms.ActiveCfg = Release|Any CPU
		{1EF48935-0BF6-44A3-A5DA-87B3BB9D58CF}.AppStore|Mixed Platforms.Build.0 = Release|Any CPU
		{1EF48935-0BF6-44A3-A5DA-87B3BB9D58CF}.AppStore|Mixed Platforms.Deploy.0 = Release|Any CPU
		{1EF48935-0BF6-44A3-A5DA-87B3BB9D58CF}.AppStore|x86.ActiveCfg = Release|Any CPU
		{1EF48935-0BF6-44A3-A5DA-87B3BB9D58CF}.Debug|Any CPU.ActiveCfg = Debug|Any CPU
		{1EF48935-0BF6-44A3-A5DA-87B3BB9D58CF}.Debug|Any CPU.Build.0 = Debug|Any CPU
		{1EF48935-0BF6-44A3-A5DA-87B3BB9D58CF}.Debug|Any CPU.Deploy.0 = Debug|Any CPU
		{1EF48935-0BF6-44A3-A5DA-87B3BB9D58CF}.Debug|ARM.ActiveCfg = Debug|Any CPU
		{1EF48935-0BF6-44A3-A5DA-87B3BB9D58CF}.Debug|iPhone.ActiveCfg = Debug|Any CPU
		{1EF48935-0BF6-44A3-A5DA-87B3BB9D58CF}.Debug|iPhone.Build.0 = Debug|Any CPU
		{1EF48935-0BF6-44A3-A5DA-87B3BB9D58CF}.Debug|iPhoneSimulator.ActiveCfg = Debug|Any CPU
		{1EF48935-0BF6-44A3-A5DA-87B3BB9D58CF}.Debug|iPhoneSimulator.Build.0 = Debug|Any CPU
		{1EF48935-0BF6-44A3-A5DA-87B3BB9D58CF}.Debug|iPhoneSimulator.Deploy.0 = Debug|Any CPU
		{1EF48935-0BF6-44A3-A5DA-87B3BB9D58CF}.Debug|Mixed Platforms.ActiveCfg = Debug|Any CPU
		{1EF48935-0BF6-44A3-A5DA-87B3BB9D58CF}.Debug|Mixed Platforms.Build.0 = Debug|Any CPU
		{1EF48935-0BF6-44A3-A5DA-87B3BB9D58CF}.Debug|Mixed Platforms.Deploy.0 = Debug|Any CPU
		{1EF48935-0BF6-44A3-A5DA-87B3BB9D58CF}.Debug|x86.ActiveCfg = Debug|Any CPU
		{1EF48935-0BF6-44A3-A5DA-87B3BB9D58CF}.Release|Any CPU.ActiveCfg = Release|Any CPU
		{1EF48935-0BF6-44A3-A5DA-87B3BB9D58CF}.Release|Any CPU.Build.0 = Release|Any CPU
		{1EF48935-0BF6-44A3-A5DA-87B3BB9D58CF}.Release|Any CPU.Deploy.0 = Release|Any CPU
		{1EF48935-0BF6-44A3-A5DA-87B3BB9D58CF}.Release|ARM.ActiveCfg = Release|Any CPU
		{1EF48935-0BF6-44A3-A5DA-87B3BB9D58CF}.Release|iPhone.ActiveCfg = Release|Any CPU
		{1EF48935-0BF6-44A3-A5DA-87B3BB9D58CF}.Release|iPhoneSimulator.ActiveCfg = Release|Any CPU
		{1EF48935-0BF6-44A3-A5DA-87B3BB9D58CF}.Release|Mixed Platforms.ActiveCfg = Release|Any CPU
		{1EF48935-0BF6-44A3-A5DA-87B3BB9D58CF}.Release|Mixed Platforms.Build.0 = Release|Any CPU
		{1EF48935-0BF6-44A3-A5DA-87B3BB9D58CF}.Release|Mixed Platforms.Deploy.0 = Release|Any CPU
		{1EF48935-0BF6-44A3-A5DA-87B3BB9D58CF}.Release|x86.ActiveCfg = Release|Any CPU
		{96F1E979-FBEE-4D2C-8211-28B29B808216}.Ad-Hoc|Any CPU.ActiveCfg = Release|Any CPU
		{96F1E979-FBEE-4D2C-8211-28B29B808216}.Ad-Hoc|Any CPU.Build.0 = Release|Any CPU
		{96F1E979-FBEE-4D2C-8211-28B29B808216}.Ad-Hoc|ARM.ActiveCfg = Release|Any CPU
		{96F1E979-FBEE-4D2C-8211-28B29B808216}.Ad-Hoc|iPhone.ActiveCfg = Release|Any CPU
		{96F1E979-FBEE-4D2C-8211-28B29B808216}.Ad-Hoc|iPhoneSimulator.ActiveCfg = Release|Any CPU
		{96F1E979-FBEE-4D2C-8211-28B29B808216}.Ad-Hoc|Mixed Platforms.ActiveCfg = Release|Any CPU
		{96F1E979-FBEE-4D2C-8211-28B29B808216}.Ad-Hoc|Mixed Platforms.Build.0 = Release|Any CPU
		{96F1E979-FBEE-4D2C-8211-28B29B808216}.Ad-Hoc|x86.ActiveCfg = Release|Any CPU
		{96F1E979-FBEE-4D2C-8211-28B29B808216}.AppStore|Any CPU.ActiveCfg = Release|Any CPU
		{96F1E979-FBEE-4D2C-8211-28B29B808216}.AppStore|Any CPU.Build.0 = Release|Any CPU
		{96F1E979-FBEE-4D2C-8211-28B29B808216}.AppStore|ARM.ActiveCfg = Release|Any CPU
		{96F1E979-FBEE-4D2C-8211-28B29B808216}.AppStore|iPhone.ActiveCfg = Release|Any CPU
		{96F1E979-FBEE-4D2C-8211-28B29B808216}.AppStore|iPhoneSimulator.ActiveCfg = Release|Any CPU
		{96F1E979-FBEE-4D2C-8211-28B29B808216}.AppStore|Mixed Platforms.ActiveCfg = Release|Any CPU
		{96F1E979-FBEE-4D2C-8211-28B29B808216}.AppStore|Mixed Platforms.Build.0 = Release|Any CPU
		{96F1E979-FBEE-4D2C-8211-28B29B808216}.AppStore|x86.ActiveCfg = Release|Any CPU
		{96F1E979-FBEE-4D2C-8211-28B29B808216}.Debug|Any CPU.ActiveCfg = Debug|Any CPU
		{96F1E979-FBEE-4D2C-8211-28B29B808216}.Debug|Any CPU.Build.0 = Debug|Any CPU
		{96F1E979-FBEE-4D2C-8211-28B29B808216}.Debug|ARM.ActiveCfg = Debug|Any CPU
		{96F1E979-FBEE-4D2C-8211-28B29B808216}.Debug|iPhone.ActiveCfg = Debug|Any CPU
		{96F1E979-FBEE-4D2C-8211-28B29B808216}.Debug|iPhone.Build.0 = Debug|Any CPU
		{96F1E979-FBEE-4D2C-8211-28B29B808216}.Debug|iPhoneSimulator.ActiveCfg = Debug|Any CPU
		{96F1E979-FBEE-4D2C-8211-28B29B808216}.Debug|iPhoneSimulator.Build.0 = Debug|Any CPU
		{96F1E979-FBEE-4D2C-8211-28B29B808216}.Debug|Mixed Platforms.ActiveCfg = Debug|Any CPU
		{96F1E979-FBEE-4D2C-8211-28B29B808216}.Debug|Mixed Platforms.Build.0 = Debug|Any CPU
		{96F1E979-FBEE-4D2C-8211-28B29B808216}.Debug|x86.ActiveCfg = Debug|Any CPU
		{96F1E979-FBEE-4D2C-8211-28B29B808216}.Release|Any CPU.ActiveCfg = Release|Any CPU
		{96F1E979-FBEE-4D2C-8211-28B29B808216}.Release|Any CPU.Build.0 = Release|Any CPU
		{96F1E979-FBEE-4D2C-8211-28B29B808216}.Release|ARM.ActiveCfg = Release|Any CPU
		{96F1E979-FBEE-4D2C-8211-28B29B808216}.Release|iPhone.ActiveCfg = Release|Any CPU
		{96F1E979-FBEE-4D2C-8211-28B29B808216}.Release|iPhoneSimulator.ActiveCfg = Release|Any CPU
		{96F1E979-FBEE-4D2C-8211-28B29B808216}.Release|Mixed Platforms.ActiveCfg = Release|Any CPU
		{96F1E979-FBEE-4D2C-8211-28B29B808216}.Release|Mixed Platforms.Build.0 = Release|Any CPU
		{96F1E979-FBEE-4D2C-8211-28B29B808216}.Release|x86.ActiveCfg = Release|Any CPU
		{181F2C0F-DC8C-4402-A16B-734EF95B477F}.Ad-Hoc|Any CPU.ActiveCfg = Release|Any CPU
		{181F2C0F-DC8C-4402-A16B-734EF95B477F}.Ad-Hoc|Any CPU.Build.0 = Release|Any CPU
		{181F2C0F-DC8C-4402-A16B-734EF95B477F}.Ad-Hoc|Any CPU.Deploy.0 = Release|Any CPU
		{181F2C0F-DC8C-4402-A16B-734EF95B477F}.Ad-Hoc|ARM.ActiveCfg = Release|ARM
		{181F2C0F-DC8C-4402-A16B-734EF95B477F}.Ad-Hoc|ARM.Build.0 = Release|ARM
		{181F2C0F-DC8C-4402-A16B-734EF95B477F}.Ad-Hoc|ARM.Deploy.0 = Release|ARM
		{181F2C0F-DC8C-4402-A16B-734EF95B477F}.Ad-Hoc|iPhone.ActiveCfg = Release|Any CPU
		{181F2C0F-DC8C-4402-A16B-734EF95B477F}.Ad-Hoc|iPhoneSimulator.ActiveCfg = Release|Any CPU
		{181F2C0F-DC8C-4402-A16B-734EF95B477F}.Ad-Hoc|Mixed Platforms.ActiveCfg = Release|x86
		{181F2C0F-DC8C-4402-A16B-734EF95B477F}.Ad-Hoc|Mixed Platforms.Build.0 = Release|x86
		{181F2C0F-DC8C-4402-A16B-734EF95B477F}.Ad-Hoc|Mixed Platforms.Deploy.0 = Release|x86
		{181F2C0F-DC8C-4402-A16B-734EF95B477F}.Ad-Hoc|x86.ActiveCfg = Release|x86
		{181F2C0F-DC8C-4402-A16B-734EF95B477F}.Ad-Hoc|x86.Build.0 = Release|x86
		{181F2C0F-DC8C-4402-A16B-734EF95B477F}.Ad-Hoc|x86.Deploy.0 = Release|x86
		{181F2C0F-DC8C-4402-A16B-734EF95B477F}.AppStore|Any CPU.ActiveCfg = Release|Any CPU
		{181F2C0F-DC8C-4402-A16B-734EF95B477F}.AppStore|Any CPU.Build.0 = Release|Any CPU
		{181F2C0F-DC8C-4402-A16B-734EF95B477F}.AppStore|Any CPU.Deploy.0 = Release|Any CPU
		{181F2C0F-DC8C-4402-A16B-734EF95B477F}.AppStore|ARM.ActiveCfg = Release|ARM
		{181F2C0F-DC8C-4402-A16B-734EF95B477F}.AppStore|ARM.Build.0 = Release|ARM
		{181F2C0F-DC8C-4402-A16B-734EF95B477F}.AppStore|ARM.Deploy.0 = Release|ARM
		{181F2C0F-DC8C-4402-A16B-734EF95B477F}.AppStore|iPhone.ActiveCfg = Release|Any CPU
		{181F2C0F-DC8C-4402-A16B-734EF95B477F}.AppStore|iPhoneSimulator.ActiveCfg = Release|Any CPU
		{181F2C0F-DC8C-4402-A16B-734EF95B477F}.AppStore|Mixed Platforms.ActiveCfg = Release|x86
		{181F2C0F-DC8C-4402-A16B-734EF95B477F}.AppStore|Mixed Platforms.Build.0 = Release|x86
		{181F2C0F-DC8C-4402-A16B-734EF95B477F}.AppStore|Mixed Platforms.Deploy.0 = Release|x86
		{181F2C0F-DC8C-4402-A16B-734EF95B477F}.AppStore|x86.ActiveCfg = Release|x86
		{181F2C0F-DC8C-4402-A16B-734EF95B477F}.AppStore|x86.Build.0 = Release|x86
		{181F2C0F-DC8C-4402-A16B-734EF95B477F}.AppStore|x86.Deploy.0 = Release|x86
		{181F2C0F-DC8C-4402-A16B-734EF95B477F}.Debug|Any CPU.ActiveCfg = Debug|Any CPU
		{181F2C0F-DC8C-4402-A16B-734EF95B477F}.Debug|Any CPU.Build.0 = Debug|Any CPU
		{181F2C0F-DC8C-4402-A16B-734EF95B477F}.Debug|Any CPU.Deploy.0 = Debug|Any CPU
		{181F2C0F-DC8C-4402-A16B-734EF95B477F}.Debug|ARM.ActiveCfg = Debug|ARM
		{181F2C0F-DC8C-4402-A16B-734EF95B477F}.Debug|ARM.Build.0 = Debug|ARM
		{181F2C0F-DC8C-4402-A16B-734EF95B477F}.Debug|ARM.Deploy.0 = Debug|ARM
		{181F2C0F-DC8C-4402-A16B-734EF95B477F}.Debug|iPhone.ActiveCfg = Debug|Any CPU
		{181F2C0F-DC8C-4402-A16B-734EF95B477F}.Debug|iPhone.Build.0 = Debug|Any CPU
		{181F2C0F-DC8C-4402-A16B-734EF95B477F}.Debug|iPhoneSimulator.ActiveCfg = Debug|Any CPU
		{181F2C0F-DC8C-4402-A16B-734EF95B477F}.Debug|iPhoneSimulator.Build.0 = Debug|Any CPU
		{181F2C0F-DC8C-4402-A16B-734EF95B477F}.Debug|Mixed Platforms.ActiveCfg = Debug|x86
		{181F2C0F-DC8C-4402-A16B-734EF95B477F}.Debug|Mixed Platforms.Build.0 = Debug|x86
		{181F2C0F-DC8C-4402-A16B-734EF95B477F}.Debug|Mixed Platforms.Deploy.0 = Debug|x86
		{181F2C0F-DC8C-4402-A16B-734EF95B477F}.Debug|x86.ActiveCfg = Debug|x86
		{181F2C0F-DC8C-4402-A16B-734EF95B477F}.Debug|x86.Build.0 = Debug|x86
		{181F2C0F-DC8C-4402-A16B-734EF95B477F}.Debug|x86.Deploy.0 = Debug|x86
		{181F2C0F-DC8C-4402-A16B-734EF95B477F}.Release|Any CPU.ActiveCfg = Release|Any CPU
		{181F2C0F-DC8C-4402-A16B-734EF95B477F}.Release|Any CPU.Build.0 = Release|Any CPU
		{181F2C0F-DC8C-4402-A16B-734EF95B477F}.Release|Any CPU.Deploy.0 = Release|Any CPU
		{181F2C0F-DC8C-4402-A16B-734EF95B477F}.Release|ARM.ActiveCfg = Release|ARM
		{181F2C0F-DC8C-4402-A16B-734EF95B477F}.Release|ARM.Build.0 = Release|ARM
		{181F2C0F-DC8C-4402-A16B-734EF95B477F}.Release|ARM.Deploy.0 = Release|ARM
		{181F2C0F-DC8C-4402-A16B-734EF95B477F}.Release|iPhone.ActiveCfg = Release|Any CPU
		{181F2C0F-DC8C-4402-A16B-734EF95B477F}.Release|iPhoneSimulator.ActiveCfg = Release|Any CPU
		{181F2C0F-DC8C-4402-A16B-734EF95B477F}.Release|Mixed Platforms.ActiveCfg = Release|x86
		{181F2C0F-DC8C-4402-A16B-734EF95B477F}.Release|Mixed Platforms.Build.0 = Release|x86
		{181F2C0F-DC8C-4402-A16B-734EF95B477F}.Release|Mixed Platforms.Deploy.0 = Release|x86
		{181F2C0F-DC8C-4402-A16B-734EF95B477F}.Release|x86.ActiveCfg = Release|x86
		{181F2C0F-DC8C-4402-A16B-734EF95B477F}.Release|x86.Build.0 = Release|x86
		{181F2C0F-DC8C-4402-A16B-734EF95B477F}.Release|x86.Deploy.0 = Release|x86
		{10A3D3BA-4BD8-4CD0-B285-A337971FB0F9}.Ad-Hoc|Any CPU.ActiveCfg = Ad-Hoc|iPhone
		{10A3D3BA-4BD8-4CD0-B285-A337971FB0F9}.Ad-Hoc|ARM.ActiveCfg = Ad-Hoc|iPhone
		{10A3D3BA-4BD8-4CD0-B285-A337971FB0F9}.Ad-Hoc|iPhone.ActiveCfg = Ad-Hoc|iPhone
		{10A3D3BA-4BD8-4CD0-B285-A337971FB0F9}.Ad-Hoc|iPhone.Build.0 = Ad-Hoc|iPhone
		{10A3D3BA-4BD8-4CD0-B285-A337971FB0F9}.Ad-Hoc|iPhoneSimulator.ActiveCfg = Ad-Hoc|iPhoneSimulator
		{10A3D3BA-4BD8-4CD0-B285-A337971FB0F9}.Ad-Hoc|iPhoneSimulator.Build.0 = Ad-Hoc|iPhoneSimulator
		{10A3D3BA-4BD8-4CD0-B285-A337971FB0F9}.Ad-Hoc|Mixed Platforms.ActiveCfg = Ad-Hoc|iPhone
		{10A3D3BA-4BD8-4CD0-B285-A337971FB0F9}.Ad-Hoc|Mixed Platforms.Build.0 = Ad-Hoc|iPhone
		{10A3D3BA-4BD8-4CD0-B285-A337971FB0F9}.Ad-Hoc|x86.ActiveCfg = Ad-Hoc|iPhone
		{10A3D3BA-4BD8-4CD0-B285-A337971FB0F9}.AppStore|Any CPU.ActiveCfg = AppStore|iPhone
		{10A3D3BA-4BD8-4CD0-B285-A337971FB0F9}.AppStore|ARM.ActiveCfg = AppStore|iPhone
		{10A3D3BA-4BD8-4CD0-B285-A337971FB0F9}.AppStore|iPhone.ActiveCfg = AppStore|iPhone
		{10A3D3BA-4BD8-4CD0-B285-A337971FB0F9}.AppStore|iPhone.Build.0 = AppStore|iPhone
		{10A3D3BA-4BD8-4CD0-B285-A337971FB0F9}.AppStore|iPhoneSimulator.ActiveCfg = AppStore|iPhoneSimulator
		{10A3D3BA-4BD8-4CD0-B285-A337971FB0F9}.AppStore|iPhoneSimulator.Build.0 = AppStore|iPhoneSimulator
		{10A3D3BA-4BD8-4CD0-B285-A337971FB0F9}.AppStore|Mixed Platforms.ActiveCfg = AppStore|iPhone
		{10A3D3BA-4BD8-4CD0-B285-A337971FB0F9}.AppStore|Mixed Platforms.Build.0 = AppStore|iPhone
		{10A3D3BA-4BD8-4CD0-B285-A337971FB0F9}.AppStore|x86.ActiveCfg = AppStore|iPhone
		{10A3D3BA-4BD8-4CD0-B285-A337971FB0F9}.Debug|Any CPU.ActiveCfg = Debug|iPhone
		{10A3D3BA-4BD8-4CD0-B285-A337971FB0F9}.Debug|ARM.ActiveCfg = Debug|iPhone
		{10A3D3BA-4BD8-4CD0-B285-A337971FB0F9}.Debug|iPhone.ActiveCfg = Debug|iPhone
		{10A3D3BA-4BD8-4CD0-B285-A337971FB0F9}.Debug|iPhone.Build.0 = Debug|iPhone
		{10A3D3BA-4BD8-4CD0-B285-A337971FB0F9}.Debug|iPhoneSimulator.ActiveCfg = Debug|iPhoneSimulator
		{10A3D3BA-4BD8-4CD0-B285-A337971FB0F9}.Debug|iPhoneSimulator.Build.0 = Debug|iPhoneSimulator
		{10A3D3BA-4BD8-4CD0-B285-A337971FB0F9}.Debug|Mixed Platforms.ActiveCfg = Debug|iPhone
		{10A3D3BA-4BD8-4CD0-B285-A337971FB0F9}.Debug|Mixed Platforms.Build.0 = Debug|iPhone
		{10A3D3BA-4BD8-4CD0-B285-A337971FB0F9}.Debug|x86.ActiveCfg = Debug|iPhone
		{10A3D3BA-4BD8-4CD0-B285-A337971FB0F9}.Release|Any CPU.ActiveCfg = Release|iPhone
		{10A3D3BA-4BD8-4CD0-B285-A337971FB0F9}.Release|ARM.ActiveCfg = Release|iPhone
		{10A3D3BA-4BD8-4CD0-B285-A337971FB0F9}.Release|iPhone.ActiveCfg = Release|iPhone
		{10A3D3BA-4BD8-4CD0-B285-A337971FB0F9}.Release|iPhone.Build.0 = Release|iPhone
		{10A3D3BA-4BD8-4CD0-B285-A337971FB0F9}.Release|iPhoneSimulator.ActiveCfg = Release|iPhoneSimulator
		{10A3D3BA-4BD8-4CD0-B285-A337971FB0F9}.Release|iPhoneSimulator.Build.0 = Release|iPhoneSimulator
		{10A3D3BA-4BD8-4CD0-B285-A337971FB0F9}.Release|Mixed Platforms.ActiveCfg = Release|iPhone
		{10A3D3BA-4BD8-4CD0-B285-A337971FB0F9}.Release|Mixed Platforms.Build.0 = Release|iPhone
		{10A3D3BA-4BD8-4CD0-B285-A337971FB0F9}.Release|x86.ActiveCfg = Release|iPhone
	EndGlobalSection
	GlobalSection(SolutionProperties) = preSolution
		HideSolutionNode = FALSE
	EndGlobalSection
EndGlobal
